
Microsoft Visual Studio Solution File, Format Version 11.00
# Visual Studio 2010
Project("{FAE04EC0-301F-11D3-BF4B-00C04F79EFBC}") = "WebApplication1", "WebApplication1.csproj", "{CF60E7FD-1453-49D7-AE12-9E213130AC3F}"
EndProject
Global
	GlobalSection(SolutionConfigurationPlatforms) = preSolution
		Debug|Any CPU = Debug|Any CPU
		Release|Any CPU = Release|Any CPU
	EndGlobalSection
	GlobalSection(ProjectConfigurationPlatforms) = postSolution
		{CF60E7FD-1453-49D7-AE12-9E213130AC3F}.Debug|Any CPU.ActiveCfg = Debug|Any CPU
		{CF60E7FD-1453-49D7-AE12-9E213130AC3F}.Debug|Any CPU.Build.0 = Debug|Any CPU
		{CF60E7FD-1453-49D7-AE12-9E213130AC3F}.Release|Any CPU.ActiveCfg = Release|Any CPU
		{CF60E7FD-1453-49D7-AE12-9E213130AC3F}.Release|Any CPU.Build.0 = Release|Any CPU
	EndGlobalSection
	GlobalSection(SolutionProperties) = preSolution
		HideSolutionNode = FALSE
	EndGlobalSection
EndGlobal
